{
  "name": "rescript-digraph",
  "version": "1.0.0",
  "lockfileVersion": 3,
  "requires": true,
  "packages": {
    "": {
      "name": "rescript-digraph",
      "version": "1.0.0",
      "license": "MIT",
      "dependencies": {
        "rescript": "^12.0.0-beta.7"
      }
    },
    "node_modules/@rescript/darwin-arm64": {
      "version": "12.0.0-beta.7",
      "resolved": "https://registry.npmjs.org/@rescript/darwin-arm64/-/darwin-arm64-12.0.0-beta.7.tgz",
      "integrity": "sha512-VPeJp+dwPmiL1yZMeVm91xq+CnDgzVBoGNe+mcWwfmPDSylkJVEV/tQEwpkxc7SS4TEyE35RjFsu0i2tJMQioQ==",
      "cpu": [
        "arm64"
      ],
      "optional": true,
      "os": [
        "darwin"
      ],
      "engines": {
        "node": ">=20.11.0"
      }
    },
    "node_modules/@rescript/darwin-x64": {
      "version": "12.0.0-beta.7",
      "resolved": "https://registry.npmjs.org/@rescript/darwin-x64/-/darwin-x64-12.0.0-beta.7.tgz",
      "integrity": "sha512-fi4BoHRe8oHGy12WEtIkvQWdbrPgioDIu34YTiOrRxiQHP/wvsJiapGdjRzaUh4O3O16BBq4f44rF3Yu2G9xaQ==",
      "cpu": [
        "x64"
      ],
      "optional": true,
      "os": [
        "darwin"
      ],
      "engines": {
        "node": ">=20.11.0"
      }
    },
    "node_modules/@rescript/linux-arm64": {
      "version": "12.0.0-beta.7",
      "resolved": "https://registry.npmjs.org/@rescript/linux-arm64/-/linux-arm64-12.0.0-beta.7.tgz",
      "integrity": "sha512-Ke+V1gnGl1jwRInM80lOcorV5/eLE6SRR7DoCBhZZ5suR0u5bmdwE7cJnfI5diqFfy8KDaSW9iGqtYEHA3P0QQ==",
      "cpu": [
        "arm64"
      ],
      "optional": true,
      "os": [
        "linux"
      ],
      "engines": {
        "node": ">=20.11.0"
      }
    },
    "node_modules/@rescript/linux-x64": {
      "version": "12.0.0-beta.7",
      "resolved": "https://registry.npmjs.org/@rescript/linux-x64/-/linux-x64-12.0.0-beta.7.tgz",
      "integrity": "sha512-cUBCY/6T8pwEaQl4b+wQmXvMDrvajMfGJ62+YwBBLmuzcPR/lkCOBtGREme+z/VabVWJ3T3ueOe119rvJX/avg==",
      "cpu": [
        "x64"
      ],
      "optional": true,
      "os": [
        "linux"
      ],
      "engines": {
        "node": ">=20.11.0"
      }
    },
    "node_modules/@rescript/win32-x64": {
      "version": "12.0.0-beta.7",
      "resolved": "https://registry.npmjs.org/@rescript/win32-x64/-/win32-x64-12.0.0-beta.7.tgz",
      "integrity": "sha512-7bjOtLVw3v0wseHODx11KRY3ZVzvoItdt3zl8sFUZ0qSKN0miytTBxKGqNVy1D0qxgORZb5CvREKyH5oFTatlQ==",
      "cpu": [
        "x64"
      ],
      "optional": true,
      "os": [
        "win32"
      ],
      "engines": {
        "node": ">=20.11.0"
      }
    },
    "node_modules/rescript": {
      "version": "12.0.0-beta.7",
      "resolved": "https://registry.npmjs.org/rescript/-/rescript-12.0.0-beta.7.tgz",
      "integrity": "sha512-1n7eZ6lp78PgMAXCKb0IVl82s9FojnPt8rhYPyiQYM1RJzBIv8S6Q17aoD/GRFgGVgFDj815gWKItYRL7GjKyQ==",
      "license": "SEE LICENSE IN LICENSE",
      "workspaces": [
        "packages/*",
        "packages/@rescript/*",
        "tests/dependencies/**",
        "tests/analysis_tests/**",
        "tests/docstring_tests",
        "tests/gentype_tests/**",
        "tests/tools_tests",
        "scripts/res"
      ],
      "bin": {
        "bsc": "cli/bsc.js",
        "bstracing": "cli/bstracing.js",
        "rescript": "cli/rescript.js",
        "rescript-legacy": "cli/rescript-legacy.js",
        "rescript-tools": "cli/rescript-tools.js"
      },
      "engines": {
        "node": ">=20.11.0"
      },
      "optionalDependencies": {
        "@rescript/darwin-arm64": "12.0.0-beta.7",
        "@rescript/darwin-x64": "12.0.0-beta.7",
        "@rescript/linux-arm64": "12.0.0-beta.7",
        "@rescript/linux-x64": "12.0.0-beta.7",
        "@rescript/win32-x64": "12.0.0-beta.7"
      }
    }
  }
}
